
Microsoft Visual Studio Solution File, Format Version 12.00
# Visual Studio Version 17
VisualStudioVersion = 17.0.31903.59
MinimumVisualStudioVersion = 10.0.40219.1
Project("{2150E333-8FDC-42A3-9474-1A3956D46DE8}") = "Solution Items", "Solution Items", "{D5D590C3-7794-4BEB-9BC4-68EE4E09E064}"
	ProjectSection(SolutionItems) = preProject
		.editorconfig = .editorconfig
	EndProjectSection
EndProject
Project("{2150E333-8FDC-42A3-9474-1A3956D46DE8}") = "src", "src", "{3E34ADB9-1F52-4C96-9A42-DE782DE1AAA3}"
EndProject
Project("{9A19103F-16F7-4668-BE54-9A1E7A4F7556}") = "SKIT.FlurlHttpClient.Wechat.Api", "src\SKIT.FlurlHttpClient.Wechat.Api\SKIT.FlurlHttpClient.Wechat.Api.csproj", "{082C1F69-7932-473F-A700-49584371BE8C}"
EndProject
Project("{9A19103F-16F7-4668-BE54-9A1E7A4F7556}") = "SKIT.FlurlHttpClient.Wechat.TenpayV3", "src\SKIT.FlurlHttpClient.Wechat.TenpayV3\SKIT.FlurlHttpClient.Wechat.TenpayV3.csproj", "{6FE502D4-C43D-49C9-9E57-D1EE566FD1C3}"
EndProject
Project("{9A19103F-16F7-4668-BE54-9A1E7A4F7556}") = "SKIT.FlurlHttpClient.Wechat.Work", "src\SKIT.FlurlHttpClient.Wechat.Work\SKIT.FlurlHttpClient.Wechat.Work.csproj", "{CDD123E6-2622-4368-BAEE-8B95F05F1AB2}"
EndProject
Project("{9A19103F-16F7-4668-BE54-9A1E7A4F7556}") = "SKIT.FlurlHttpClient.Wechat.Ads", "src\SKIT.FlurlHttpClient.Wechat.Ads\SKIT.FlurlHttpClient.Wechat.Ads.csproj", "{7F155EFB-152F-4798-9984-99102B21D2F8}"
EndProject
Project("{9A19103F-16F7-4668-BE54-9A1E7A4F7556}") = "SKIT.FlurlHttpClient.Wechat.OpenAI", "src\SKIT.FlurlHttpClient.Wechat.OpenAI\SKIT.FlurlHttpClient.Wechat.OpenAI.csproj", "{AAE2E9BC-4D0B-4495-8825-DF8C405DB4A0}"
EndProject
Project("{2150E333-8FDC-42A3-9474-1A3956D46DE8}") = "test", "test", "{C95AF531-CF44-44AA-AC90-F4DF9F941674}"
EndProject
Project("{2150E333-8FDC-42A3-9474-1A3956D46DE8}") = "tools", "tools", "{4C48D9D5-1D7F-4616-A05D-256555C310FC}"
EndProject
Project("{9A19103F-16F7-4668-BE54-9A1E7A4F7556}") = "SKIT.FlurlHttpClient.Wechat.TestTools", "test\SKIT.FlurlHttpClient.Wechat.TestTools\SKIT.FlurlHttpClient.Wechat.TestTools.csproj", "{A8453835-4EE8-4FD4-9766-9C0DCB54CDB3}"
EndProject
Project("{9A19103F-16F7-4668-BE54-9A1E7A4F7556}") = "SKIT.FlurlHttpClient.Wechat.Api.UnitTests", "test\SKIT.FlurlHttpClient.Wechat.Api.UnitTests\SKIT.FlurlHttpClient.Wechat.Api.UnitTests.csproj", "{0C87A7D9-26EA-4821-AF3F-6D28B3006B24}"
EndProject
Project("{9A19103F-16F7-4668-BE54-9A1E7A4F7556}") = "SKIT.FlurlHttpClient.Wechat.TenpayV3.UnitTests", "test\SKIT.FlurlHttpClient.Wechat.TenpayV3.UnitTests\SKIT.FlurlHttpClient.Wechat.TenpayV3.UnitTests.csproj", "{5ECE2E7A-9AE8-49BF-902D-41A7756C3E78}"
EndProject
Project("{9A19103F-16F7-4668-BE54-9A1E7A4F7556}") = "SKIT.FlurlHttpClient.Wechat.Work.UnitTests", "test\SKIT.FlurlHttpClient.Wechat.Work.UnitTests\SKIT.FlurlHttpClient.Wechat.Work.UnitTests.csproj", "{DBF84F66-1436-4599-93AB-7C16A3A2C3A4}"
EndProject
Project("{9A19103F-16F7-4668-BE54-9A1E7A4F7556}") = "SKIT.FlurlHttpClient.Wechat.Ads.UnitTests", "test\SKIT.FlurlHttpClient.Wechat.Ads.UnitTests\SKIT.FlurlHttpClient.Wechat.Ads.UnitTests.csproj", "{561E0BFB-7817-41FE-BAF2-D78817679AC1}"
EndProject
Project("{9A19103F-16F7-4668-BE54-9A1E7A4F7556}") = "SKIT.FlurlHttpClient.Wechat.OpenAI.UnitTests", "test\SKIT.FlurlHttpClient.Wechat.OpenAI.UnitTests\SKIT.FlurlHttpClient.Wechat.OpenAI.UnitTests.csproj", "{9689135B-44BA-4D55-8663-7C669BAFE066}"
EndProject
Project("{2150E333-8FDC-42A3-9474-1A3956D46DE8}") = "samples", "samples", "{35C901ED-C234-4A91-9561-AD89B3BB788D}"
EndProject
Project("{9A19103F-16F7-4668-BE54-9A1E7A4F7556}") = "SKIT.FlurlHttpClient.Wechat.Api.Sample_Net5", "samples\SKIT.FlurlHttpClient.Wechat.Api.Sample_Net5\SKIT.FlurlHttpClient.Wechat.Api.Sample_Net5.csproj", "{D1B321C9-3004-4645-A78D-A85C152062FA}"
EndProject
Project("{9A19103F-16F7-4668-BE54-9A1E7A4F7556}") = "SKIT.FlurlHttpClient.Wechat.TenpayV3.Sample_Net5", "samples\SKIT.FlurlHttpClient.Wechat.TenpayV3.Sample_Net5\SKIT.FlurlHttpClient.Wechat.TenpayV3.Sample_Net5.csproj", "{65E51735-73CE-4E9B-AA65-4BF5E4C8A705}"
EndProject
Global
	GlobalSection(SolutionConfigurationPlatforms) = preSolution
		Debug|Any CPU = Debug|Any CPU
		Release|Any CPU = Release|Any CPU
	EndGlobalSection
	GlobalSection(ProjectConfigurationPlatforms) = postSolution
		{082C1F69-7932-473F-A700-49584371BE8C}.Debug|Any CPU.ActiveCfg = Debug|Any CPU
		{082C1F69-7932-473F-A700-49584371BE8C}.Debug|Any CPU.Build.0 = Debug|Any CPU
		{082C1F69-7932-473F-A700-49584371BE8C}.Release|Any CPU.ActiveCfg = Release|Any CPU
		{082C1F69-7932-473F-A700-49584371BE8C}.Release|Any CPU.Build.0 = Release|Any CPU
		{6FE502D4-C43D-49C9-9E57-D1EE566FD1C3}.Debug|Any CPU.ActiveCfg = Debug|Any CPU
		{6FE502D4-C43D-49C9-9E57-D1EE566FD1C3}.Debug|Any CPU.Build.0 = Debug|Any CPU
		{6FE502D4-C43D-49C9-9E57-D1EE566FD1C3}.Release|Any CPU.ActiveCfg = Release|Any CPU
		{6FE502D4-C43D-49C9-9E57-D1EE566FD1C3}.Release|Any CPU.Build.0 = Release|Any CPU
		{CDD123E6-2622-4368-BAEE-8B95F05F1AB2}.Debug|Any CPU.ActiveCfg = Debug|Any CPU
		{CDD123E6-2622-4368-BAEE-8B95F05F1AB2}.Debug|Any CPU.Build.0 = Debug|Any CPU
		{CDD123E6-2622-4368-BAEE-8B95F05F1AB2}.Release|Any CPU.ActiveCfg = Release|Any CPU
		{CDD123E6-2622-4368-BAEE-8B95F05F1AB2}.Release|Any CPU.Build.0 = Release|Any CPU
		{7F155EFB-152F-4798-9984-99102B21D2F8}.Debug|Any CPU.ActiveCfg = Debug|Any CPU
		{7F155EFB-152F-4798-9984-99102B21D2F8}.Debug|Any CPU.Build.0 = Debug|Any CPU
		{7F155EFB-152F-4798-9984-99102B21D2F8}.Release|Any CPU.ActiveCfg = Release|Any CPU
		{7F155EFB-152F-4798-9984-99102B21D2F8}.Release|Any CPU.Build.0 = Release|Any CPU
		{AAE2E9BC-4D0B-4495-8825-DF8C405DB4A0}.Debug|Any CPU.ActiveCfg = Debug|Any CPU
		{AAE2E9BC-4D0B-4495-8825-DF8C405DB4A0}.Debug|Any CPU.Build.0 = Debug|Any CPU
		{AAE2E9BC-4D0B-4495-8825-DF8C405DB4A0}.Release|Any CPU.ActiveCfg = Release|Any CPU
		{AAE2E9BC-4D0B-4495-8825-DF8C405DB4A0}.Release|Any CPU.Build.0 = Release|Any CPU
		{A8453835-4EE8-4FD4-9766-9C0DCB54CDB3}.Debug|Any CPU.ActiveCfg = Debug|Any CPU
		{A8453835-4EE8-4FD4-9766-9C0DCB54CDB3}.Debug|Any CPU.Build.0 = Debug|Any CPU
		{A8453835-4EE8-4FD4-9766-9C0DCB54CDB3}.Release|Any CPU.ActiveCfg = Release|Any CPU
		{A8453835-4EE8-4FD4-9766-9C0DCB54CDB3}.Release|Any CPU.Build.0 = Release|Any CPU
		{0C87A7D9-26EA-4821-AF3F-6D28B3006B24}.Debug|Any CPU.ActiveCfg = Debug|Any CPU
		{0C87A7D9-26EA-4821-AF3F-6D28B3006B24}.Debug|Any CPU.Build.0 = Debug|Any CPU
		{0C87A7D9-26EA-4821-AF3F-6D28B3006B24}.Release|Any CPU.ActiveCfg = Release|Any CPU
		{0C87A7D9-26EA-4821-AF3F-6D28B3006B24}.Release|Any CPU.Build.0 = Release|Any CPU
		{5ECE2E7A-9AE8-49BF-902D-41A7756C3E78}.Debug|Any CPU.ActiveCfg = Debug|Any CPU
		{5ECE2E7A-9AE8-49BF-902D-41A7756C3E78}.Debug|Any CPU.Build.0 = Debug|Any CPU
		{5ECE2E7A-9AE8-49BF-902D-41A7756C3E78}.Release|Any CPU.ActiveCfg = Release|Any CPU
		{5ECE2E7A-9AE8-49BF-902D-41A7756C3E78}.Release|Any CPU.Build.0 = Release|Any CPU
		{DBF84F66-1436-4599-93AB-7C16A3A2C3A4}.Debug|Any CPU.ActiveCfg = Debug|Any CPU
		{DBF84F66-1436-4599-93AB-7C16A3A2C3A4}.Debug|Any CPU.Build.0 = Debug|Any CPU
		{DBF84F66-1436-4599-93AB-7C16A3A2C3A4}.Release|Any CPU.ActiveCfg = Release|Any CPU
		{DBF84F66-1436-4599-93AB-7C16A3A2C3A4}.Release|Any CPU.Build.0 = Release|Any CPU
		{561E0BFB-7817-41FE-BAF2-D78817679AC1}.Debug|Any CPU.ActiveCfg = Debug|Any CPU
		{561E0BFB-7817-41FE-BAF2-D78817679AC1}.Debug|Any CPU.Build.0 = Debug|Any CPU
		{561E0BFB-7817-41FE-BAF2-D78817679AC1}.Release|Any CPU.ActiveCfg = Release|Any CPU
		{561E0BFB-7817-41FE-BAF2-D78817679AC1}.Release|Any CPU.Build.0 = Release|Any CPU
		{9689135B-44BA-4D55-8663-7C669BAFE066}.Debug|Any CPU.ActiveCfg = Debug|Any CPU
		{9689135B-44BA-4D55-8663-7C669BAFE066}.Debug|Any CPU.Build.0 = Debug|Any CPU
		{9689135B-44BA-4D55-8663-7C669BAFE066}.Release|Any CPU.ActiveCfg = Release|Any CPU
		{9689135B-44BA-4D55-8663-7C669BAFE066}.Release|Any CPU.Build.0 = Release|Any CPU
		{D1B321C9-3004-4645-A78D-A85C152062FA}.Debug|Any CPU.ActiveCfg = Debug|Any CPU
		{D1B321C9-3004-4645-A78D-A85C152062FA}.Debug|Any CPU.Build.0 = Debug|Any CPU
		{D1B321C9-3004-4645-A78D-A85C152062FA}.Release|Any CPU.ActiveCfg = Release|Any CPU
		{D1B321C9-3004-4645-A78D-A85C152062FA}.Release|Any CPU.Build.0 = Release|Any CPU
		{65E51735-73CE-4E9B-AA65-4BF5E4C8A705}.Debug|Any CPU.ActiveCfg = Debug|Any CPU
		{65E51735-73CE-4E9B-AA65-4BF5E4C8A705}.Debug|Any CPU.Build.0 = Debug|Any CPU
		{65E51735-73CE-4E9B-AA65-4BF5E4C8A705}.Release|Any CPU.ActiveCfg = Release|Any CPU
		{65E51735-73CE-4E9B-AA65-4BF5E4C8A705}.Release|Any CPU.Build.0 = Release|Any CPU
	EndGlobalSection
	GlobalSection(SolutionProperties) = preSolution
		HideSolutionNode = FALSE
	EndGlobalSection
	GlobalSection(NestedProjects) = preSolution
		{082C1F69-7932-473F-A700-49584371BE8C} = {3E34ADB9-1F52-4C96-9A42-DE782DE1AAA3}
		{6FE502D4-C43D-49C9-9E57-D1EE566FD1C3} = {3E34ADB9-1F52-4C96-9A42-DE782DE1AAA3}
		{CDD123E6-2622-4368-BAEE-8B95F05F1AB2} = {3E34ADB9-1F52-4C96-9A42-DE782DE1AAA3}
		{7F155EFB-152F-4798-9984-99102B21D2F8} = {3E34ADB9-1F52-4C96-9A42-DE782DE1AAA3}
		{AAE2E9BC-4D0B-4495-8825-DF8C405DB4A0} = {3E34ADB9-1F52-4C96-9A42-DE782DE1AAA3}
		{4C48D9D5-1D7F-4616-A05D-256555C310FC} = {C95AF531-CF44-44AA-AC90-F4DF9F941674}
		{A8453835-4EE8-4FD4-9766-9C0DCB54CDB3} = {4C48D9D5-1D7F-4616-A05D-256555C310FC}
		{0C87A7D9-26EA-4821-AF3F-6D28B3006B24} = {C95AF531-CF44-44AA-AC90-F4DF9F941674}
		{5ECE2E7A-9AE8-49BF-902D-41A7756C3E78} = {C95AF531-CF44-44AA-AC90-F4DF9F941674}
		{DBF84F66-1436-4599-93AB-7C16A3A2C3A4} = {C95AF531-CF44-44AA-AC90-F4DF9F941674}
		{561E0BFB-7817-41FE-BAF2-D78817679AC1} = {C95AF531-CF44-44AA-AC90-F4DF9F941674}
		{9689135B-44BA-4D55-8663-7C669BAFE066} = {C95AF531-CF44-44AA-AC90-F4DF9F941674}
		{D1B321C9-3004-4645-A78D-A85C152062FA} = {35C901ED-C234-4A91-9561-AD89B3BB788D}
		{65E51735-73CE-4E9B-AA65-4BF5E4C8A705} = {35C901ED-C234-4A91-9561-AD89B3BB788D}
	EndGlobalSection
	GlobalSection(ExtensibilityGlobals) = postSolution
		SolutionGuid = {F08ED64E-2517-4B51-A4BE-D33D56CC7B39}
	EndGlobalSection
EndGlobal
