Microsoft Visual Studio Solution File, Format Version 12.00
# Visual Studio Version 17
VisualStudioVersion = 17.5.2.0
MinimumVisualStudioVersion = 10.0.40219.1
Project("{FAE04EC0-301F-11D3-BF4B-00C04F79EFBC}") = "SKIT.FlurlHttpClient.Wechat.Ads", "SKIT.FlurlHttpClient.Wechat.Ads\SKIT.FlurlHttpClient.Wechat.Ads.csproj", "{1199FEE5-D27A-23FA-2390-355051497DA8}"
EndProject
Project("{FAE04EC0-301F-11D3-BF4B-00C04F79EFBC}") = "SKIT.FlurlHttpClient.Wechat.Api", "SKIT.FlurlHttpClient.Wechat.Api\SKIT.FlurlHttpClient.Wechat.Api.csproj", "{60E87902-3A99-5E21-375C-04DA40786B72}"
EndProject
Project("{FAE04EC0-301F-11D3-BF4B-00C04F79EFBC}") = "SKIT.FlurlHttpClient.Wechat.OpenAI", "SKIT.FlurlHttpClient.Wechat.OpenAI\SKIT.FlurlHttpClient.Wechat.OpenAI.csproj", "{4FD99934-3133-2E8A-276A-E08E935B2CDD}"
EndProject
Project("{FAE04EC0-301F-11D3-BF4B-00C04F79EFBC}") = "SKIT.FlurlHttpClient.Wechat.TenpayBusiness", "SKIT.FlurlHttpClient.Wechat.TenpayBusiness\SKIT.FlurlHttpClient.Wechat.TenpayBusiness.csproj", "{74B1E0E0-5325-F373-A45F-133D20B3FEB4}"
EndProject
Project("{FAE04EC0-301F-11D3-BF4B-00C04F79EFBC}") = "SKIT.FlurlHttpClient.Wechat.TenpayV2", "SKIT.FlurlHttpClient.Wechat.TenpayV2\SKIT.FlurlHttpClient.Wechat.TenpayV2.csproj", "{6F95E6BA-B2FD-7AC8-B8EE-6E57DF2A7A49}"
EndProject
Project("{FAE04EC0-301F-11D3-BF4B-00C04F79EFBC}") = "SKIT.FlurlHttpClient.Wechat.TenpayV3", "SKIT.FlurlHttpClient.Wechat.TenpayV3\SKIT.FlurlHttpClient.Wechat.TenpayV3.csproj", "{A763CCAC-78B3-DD3D-AF3B-E1F7104C8523}"
EndProject
Project("{FAE04EC0-301F-11D3-BF4B-00C04F79EFBC}") = "SKIT.FlurlHttpClient.Wechat.Work", "SKIT.FlurlHttpClient.Wechat.Work\SKIT.FlurlHttpClient.Wechat.Work.csproj", "{04AE2971-1723-1774-7290-E3C1C16C005C}"
EndProject
Global
	GlobalSection(SolutionConfigurationPlatforms) = preSolution
		Debug|Any CPU = Debug|Any CPU
		Release|Any CPU = Release|Any CPU
	EndGlobalSection
	GlobalSection(ProjectConfigurationPlatforms) = postSolution
		{1199FEE5-D27A-23FA-2390-355051497DA8}.Debug|Any CPU.ActiveCfg = Debug|Any CPU
		{1199FEE5-D27A-23FA-2390-355051497DA8}.Debug|Any CPU.Build.0 = Debug|Any CPU
		{1199FEE5-D27A-23FA-2390-355051497DA8}.Release|Any CPU.ActiveCfg = Release|Any CPU
		{1199FEE5-D27A-23FA-2390-355051497DA8}.Release|Any CPU.Build.0 = Release|Any CPU
		{60E87902-3A99-5E21-375C-04DA40786B72}.Debug|Any CPU.ActiveCfg = Debug|Any CPU
		{60E87902-3A99-5E21-375C-04DA40786B72}.Debug|Any CPU.Build.0 = Debug|Any CPU
		{60E87902-3A99-5E21-375C-04DA40786B72}.Release|Any CPU.ActiveCfg = Release|Any CPU
		{60E87902-3A99-5E21-375C-04DA40786B72}.Release|Any CPU.Build.0 = Release|Any CPU
		{4FD99934-3133-2E8A-276A-E08E935B2CDD}.Debug|Any CPU.ActiveCfg = Debug|Any CPU
		{4FD99934-3133-2E8A-276A-E08E935B2CDD}.Debug|Any CPU.Build.0 = Debug|Any CPU
		{4FD99934-3133-2E8A-276A-E08E935B2CDD}.Release|Any CPU.ActiveCfg = Release|Any CPU
		{4FD99934-3133-2E8A-276A-E08E935B2CDD}.Release|Any CPU.Build.0 = Release|Any CPU
		{74B1E0E0-5325-F373-A45F-133D20B3FEB4}.Debug|Any CPU.ActiveCfg = Debug|Any CPU
		{74B1E0E0-5325-F373-A45F-133D20B3FEB4}.Debug|Any CPU.Build.0 = Debug|Any CPU
		{74B1E0E0-5325-F373-A45F-133D20B3FEB4}.Release|Any CPU.ActiveCfg = Release|Any CPU
		{74B1E0E0-5325-F373-A45F-133D20B3FEB4}.Release|Any CPU.Build.0 = Release|Any CPU
		{6F95E6BA-B2FD-7AC8-B8EE-6E57DF2A7A49}.Debug|Any CPU.ActiveCfg = Debug|Any CPU
		{6F95E6BA-B2FD-7AC8-B8EE-6E57DF2A7A49}.Debug|Any CPU.Build.0 = Debug|Any CPU
		{6F95E6BA-B2FD-7AC8-B8EE-6E57DF2A7A49}.Release|Any CPU.ActiveCfg = Release|Any CPU
		{6F95E6BA-B2FD-7AC8-B8EE-6E57DF2A7A49}.Release|Any CPU.Build.0 = Release|Any CPU
		{A763CCAC-78B3-DD3D-AF3B-E1F7104C8523}.Debug|Any CPU.ActiveCfg = Debug|Any CPU
		{A763CCAC-78B3-DD3D-AF3B-E1F7104C8523}.Debug|Any CPU.Build.0 = Debug|Any CPU
		{A763CCAC-78B3-DD3D-AF3B-E1F7104C8523}.Release|Any CPU.ActiveCfg = Release|Any CPU
		{A763CCAC-78B3-DD3D-AF3B-E1F7104C8523}.Release|Any CPU.Build.0 = Release|Any CPU
		{04AE2971-1723-1774-7290-E3C1C16C005C}.Debug|Any CPU.ActiveCfg = Debug|Any CPU
		{04AE2971-1723-1774-7290-E3C1C16C005C}.Debug|Any CPU.Build.0 = Debug|Any CPU
		{04AE2971-1723-1774-7290-E3C1C16C005C}.Release|Any CPU.ActiveCfg = Release|Any CPU
		{04AE2971-1723-1774-7290-E3C1C16C005C}.Release|Any CPU.Build.0 = Release|Any CPU
	EndGlobalSection
	GlobalSection(SolutionProperties) = preSolution
		HideSolutionNode = FALSE
	EndGlobalSection
	GlobalSection(ExtensibilityGlobals) = postSolution
		SolutionGuid = {BD91E3AB-01FA-4412-839E-69CC33529FB6}
	EndGlobalSection
EndGlobal
